
Microsoft Visual Studio Solution File, Format Version 12.00
# Visual Studio 15
VisualStudioVersion = 15.0.28010.2019
MinimumVisualStudioVersion = 10.0.40219.1
Project("{FAE04EC0-301F-11D3-BF4B-00C04F79EFBC}") = "WebApplication15", "WebApplication15\WebApplication15.csproj", "{3239259E-01C5-4AF5-9874-075EB4624A49}"
EndProject
Global
	GlobalSection(SolutionConfigurationPlatforms) = preSolution
		Debug|Any CPU = Debug|Any CPU
		Release|Any CPU = Release|Any CPU
	EndGlobalSection
	GlobalSection(ProjectConfigurationPlatforms) = postSolution
		{3239259E-01C5-4AF5-9874-075EB4624A49}.Debug|Any CPU.ActiveCfg = Debug|Any CPU
		{3239259E-01C5-4AF5-9874-075EB4624A49}.Debug|Any CPU.Build.0 = Debug|Any CPU
		{3239259E-01C5-4AF5-9874-075EB4624A49}.Release|Any CPU.ActiveCfg = Release|Any CPU
		{3239259E-01C5-4AF5-9874-075EB4624A49}.Release|Any CPU.Build.0 = Release|Any CPU
	EndGlobalSection
	GlobalSection(SolutionProperties) = preSolution
		HideSolutionNode = FALSE
	EndGlobalSection
	GlobalSection(ExtensibilityGlobals) = postSolution
		SolutionGuid = {ACAE6F49-86F0-4788-804A-78E205334FF8}
	EndGlobalSection
EndGlobal
